
Microsoft Visual Studio Solution File, Format Version 12.00
# Visual Studio Version 17
VisualStudioVersion = 17.3.32922.545
MinimumVisualStudioVersion = 10.0.40219.1
Project("{FAE04EC0-301F-11D3-BF4B-00C04F79EFBC}") = "TestMaximum.", "..\TestMaximum\TestMaximum\TestMaximum..csproj", "{AD0878DF-9172-4E44-A17D-C43572A519F0}"
EndProject
Global
	GlobalSection(SolutionConfigurationPlatforms) = preSolution
		Debug|Any CPU = Debug|Any CPU
		Release|Any CPU = Release|Any CPU
	EndGlobalSection
	GlobalSection(ProjectConfigurationPlatforms) = postSolution
		{AD0878DF-9172-4E44-A17D-C43572A519F0}.Debug|Any CPU.ActiveCfg = Debug|Any CPU
		{AD0878DF-9172-4E44-A17D-C43572A519F0}.Debug|Any CPU.Build.0 = Debug|Any CPU
		{AD0878DF-9172-4E44-A17D-C43572A519F0}.Release|Any CPU.ActiveCfg = Release|Any CPU
		{AD0878DF-9172-4E44-A17D-C43572A519F0}.Release|Any CPU.Build.0 = Release|Any CPU
	EndGlobalSection
	GlobalSection(SolutionProperties) = preSolution
		HideSolutionNode = FALSE
	EndGlobalSection
	GlobalSection(ExtensibilityGlobals) = postSolution
		SolutionGuid = {5A0524A0-8DEF-455A-B3CC-583ECB39708E}
	EndGlobalSection
EndGlobal
